{
    "_readme": [
        "This file locks the dependencies of your project to a known state",
        "Read more about it at https://getcomposer.org/doc/01-basic-usage.md#installing-dependencies",
        "This file is @generated automatically"
    ],
    "content-hash": "fd3433801cb43666c20f7d89225e90bf",
    "packages": [
        {
            "name": "getkirby/composer-installer",
            "version": "1.1.3",
            "source": {
                "type": "git",
                "url": "https://github.com/getkirby/composer-installer.git",
                "reference": "162497e4d9465fae95cb44b6135506eac54c9a05"
            },
            "dist": {
                "type": "zip",
                "url": "https://api.github.com/repos/getkirby/composer-installer/zipball/162497e4d9465fae95cb44b6135506eac54c9a05",
                "reference": "162497e4d9465fae95cb44b6135506eac54c9a05",
                "shasum": ""
            },
            "require": {
                "composer-plugin-api": "^1.0"
            },
            "require-dev": {
                "composer/composer": "^1.8",
                "phpunit/phpunit": "^7.0"
            },
            "type": "composer-plugin",
            "extra": {
                "class": "Kirby\\ComposerInstaller\\Plugin"
            },
            "autoload": {
                "psr-4": {
                    "Kirby\\": "src/"
                }
            },
            "notification-url": "https://packagist.org/downloads/",
            "license": [
                "MIT"
            ],
            "description": "Kirby's custom Composer installer for the Kirby CMS and for Kirby plugins",
            "homepage": "https://getkirby.com",
            "time": "2019-02-06T09:15:26+00:00"
        },
        {
            "name": "imageoptim/imageoptim",
            "version": "1.3.1",
            "source": {
                "type": "git",
                "url": "https://github.com/ImageOptim/php-imageoptim-api.git",
                "reference": "b73eb5d6747fc181de86b2de50fb158dff463618"
            },
            "dist": {
                "type": "zip",
                "url": "https://api.github.com/repos/ImageOptim/php-imageoptim-api/zipball/b73eb5d6747fc181de86b2de50fb158dff463618",
                "reference": "b73eb5d6747fc181de86b2de50fb158dff463618",
                "shasum": ""
            },
            "require": {
                "php": "^5.4 || ^7.0"
            },
            "require-dev": {
                "phpunit/phpunit": "^5.3"
            },
            "type": "library",
            "autoload": {
                "psr-4": {
                    "ImageOptim\\": "src"
                }
            },
            "notification-url": "https://packagist.org/downloads/",
            "license": [
                "BSD-2-Clause"
            ],
            "authors": [
                {
                    "name": "Kornel",
                    "email": "kornel@imageoptim.com"
                }
            ],
            "description": "ImageOptim API for PHP",
            "homepage": "https://imageoptim.com/api",
            "keywords": [
                "image",
                "optimize",
                "performance",
                "resize",
                "scale"
            ],
            "time": "2017-01-09T23:58:20+00:00"
        }
    ],
    "packages-dev": [],
    "aliases": [],
    "minimum-stability": "stable",
    "stability-flags": [],
    "prefer-stable": false,
    "prefer-lowest": false,
    "platform": {
        "php": ">=7.1.0"
    },
    "platform-dev": []
}
